// !$*UTF8*$!
{
	archiveVersion = 1;
	classes = {
	};
	objectVersion = 50;
	objects = {

/* Begin PBXBuildFile section */
		1026D63A21DE189B008C5BAC /* SearchButton.swift in Sources */ = {isa = PBXBuildFile; fileRef = 1026D63921DE189B008C5BAC /* SearchButton.swift */; };
		1026D63C21DE1AE0008C5BAC /* CookViewController.swift in Sources */ = {isa = PBXBuildFile; fileRef = 1026D63B21DE1AE0008C5BAC /* CookViewController.swift */; };
		1026D63E21DE1AEF008C5BAC /* ShopViewController.swift in Sources */ = {isa = PBXBuildFile; fileRef = 1026D63D21DE1AEF008C5BAC /* ShopViewController.swift */; };
		1026F5EC21D7B7330067772E /* SpendingViewController.swift in Sources */ = {isa = PBXBuildFile; fileRef = 1026F5EB21D7B7330067772E /* SpendingViewController.swift */; };
		1026F5F021D7BB4F0067772E /* ListViewController.swift in Sources */ = {isa = PBXBuildFile; fileRef = 1026F5EF21D7BB4F0067772E /* ListViewController.swift */; };
		1052DD4321D482CF00D0C8C0 /* CompositionViewController.swift in Sources */ = {isa = PBXBuildFile; fileRef = 1052DD4221D482CF00D0C8C0 /* CompositionViewController.swift */; };
		1052DD4521D482E000D0C8C0 /* NutritionViewController.swift in Sources */ = {isa = PBXBuildFile; fileRef = 1052DD4421D482E000D0C8C0 /* NutritionViewController.swift */; };
		1052DD4721D647B500D0C8C0 /* ListPageViewController.swift in Sources */ = {isa = PBXBuildFile; fileRef = 1052DD4621D647B500D0C8C0 /* ListPageViewController.swift */; };
		10644A9422570C6D00291D63 /* ReceiptScannerViewController.swift in Sources */ = {isa = PBXBuildFile; fileRef = 10644A9322570C6D00291D63 /* ReceiptScannerViewController.swift */; };
		10673E3121D7C56B0064FD13 /* PageViewControllers.swift in Sources */ = {isa = PBXBuildFile; fileRef = 10673E3021D7C56B0064FD13 /* PageViewControllers.swift */; };
		10C6B31F22574B8F00348E37 /* CoreImage.framework in Frameworks */ = {isa = PBXBuildFile; fileRef = 10993FCF22572BCB00B6D079 /* CoreImage.framework */; };
		10C6B3232257523600348E37 /* tessdata in Resources */ = {isa = PBXBuildFile; fileRef = 10C6B3222257523600348E37 /* tessdata */; };
		10C6B3252257559100348E37 /* AppUtility.swift in Sources */ = {isa = PBXBuildFile; fileRef = 10C6B3242257559100348E37 /* AppUtility.swift */; };
		10CEEB7422573F0C00C1820B /* libc++.tbd in Frameworks */ = {isa = PBXBuildFile; fileRef = 1035860F225730A4009431BC /* libc++.tbd */; };
		10F28FB821D1E6C40018BB9E /* AppDelegate.swift in Sources */ = {isa = PBXBuildFile; fileRef = 10F28FB721D1E6C40018BB9E /* AppDelegate.swift */; };
		10F28FBD21D1E6C40018BB9E /* Main.storyboard in Resources */ = {isa = PBXBuildFile; fileRef = 10F28FBB21D1E6C40018BB9E /* Main.storyboard */; };
		10F28FBF21D1E6C40018BB9E /* Assets.xcassets in Resources */ = {isa = PBXBuildFile; fileRef = 10F28FBE21D1E6C40018BB9E /* Assets.xcassets */; };
		10F28FC221D1E6C40018BB9E /* LaunchScreen.storyboard in Resources */ = {isa = PBXBuildFile; fileRef = 10F28FC021D1E6C40018BB9E /* LaunchScreen.storyboard */; };
		10F28FCD21D1E6C50018BB9E /* FunnelTests.swift in Sources */ = {isa = PBXBuildFile; fileRef = 10F28FCC21D1E6C50018BB9E /* FunnelTests.swift */; };
		10F28FD821D1E6C50018BB9E /* FunnelUITests.swift in Sources */ = {isa = PBXBuildFile; fileRef = 10F28FD721D1E6C50018BB9E /* FunnelUITests.swift */; };
		10F54008225744AE00AD1F6D /* libz.tbd in Frameworks */ = {isa = PBXBuildFile; fileRef = 10F54007225744AE00AD1F6D /* libz.tbd */; };
		10F5A46221D479F700D127C2 /* Gradient.swift in Sources */ = {isa = PBXBuildFile; fileRef = 10F5A46121D479F700D127C2 /* Gradient.swift */; };
		514D67F14007264C1F48955A /* Pods_Funnel.framework in Frameworks */ = {isa = PBXBuildFile; fileRef = 68FE6052D042E51E8FC2852E /* Pods_Funnel.framework */; };
		B65F9424E0AF32186DD68B20 /* Pods_FunnelUITests.framework in Frameworks */ = {isa = PBXBuildFile; fileRef = DB62DE6F418C04CCE4B20F59 /* Pods_FunnelUITests.framework */; };
		E76E7F45B99F5C99C19C7E61 /* Pods_FunnelTests.framework in Frameworks */ = {isa = PBXBuildFile; fileRef = C6C315C2447D658CDEB205C3 /* Pods_FunnelTests.framework */; };
/* End PBXBuildFile section */

/* Begin PBXContainerItemProxy section */
		10F28FC921D1E6C50018BB9E /* PBXContainerItemProxy */ = {
			isa = PBXContainerItemProxy;
			containerPortal = 10F28FAC21D1E6C40018BB9E /* Project object */;
			proxyType = 1;
			remoteGlobalIDString = 10F28FB321D1E6C40018BB9E;
			remoteInfo = Funnel;
		};
		10F28FD421D1E6C50018BB9E /* PBXContainerItemProxy */ = {
			isa = PBXContainerItemProxy;
			containerPortal = 10F28FAC21D1E6C40018BB9E /* Project object */;
			proxyType = 1;
			remoteGlobalIDString = 10F28FB321D1E6C40018BB9E;
			remoteInfo = Funnel;
		};
/* End PBXContainerItemProxy section */

/* Begin PBXFileReference section */
		0B29FDAA5609C5E0BEF1AAB9 /* Pods-FunnelTests.debug.xcconfig */ = {isa = PBXFileReference; includeInIndex = 1; lastKnownFileType = text.xcconfig; name = "Pods-FunnelTests.debug.xcconfig"; path = "Pods/Target Support Files/Pods-FunnelTests/Pods-FunnelTests.debug.xcconfig"; sourceTree = "<group>"; };
		1026D63921DE189B008C5BAC /* SearchButton.swift */ = {isa = PBXFileReference; lastKnownFileType = sourcecode.swift; path = SearchButton.swift; sourceTree = "<group>"; };
		1026D63B21DE1AE0008C5BAC /* CookViewController.swift */ = {isa = PBXFileReference; lastKnownFileType = sourcecode.swift; path = CookViewController.swift; sourceTree = "<group>"; };
		1026D63D21DE1AEF008C5BAC /* ShopViewController.swift */ = {isa = PBXFileReference; lastKnownFileType = sourcecode.swift; path = ShopViewController.swift; sourceTree = "<group>"; };
		1026F5EB21D7B7330067772E /* SpendingViewController.swift */ = {isa = PBXFileReference; lastKnownFileType = sourcecode.swift; path = SpendingViewController.swift; sourceTree = "<group>"; };
		1026F5EF21D7BB4F0067772E /* ListViewController.swift */ = {isa = PBXFileReference; lastKnownFileType = sourcecode.swift; path = ListViewController.swift; sourceTree = "<group>"; };
		1035860F225730A4009431BC /* libc++.tbd */ = {isa = PBXFileReference; lastKnownFileType = "sourcecode.text-based-dylib-definition"; name = "libc++.tbd"; path = "usr/lib/libc++.tbd"; sourceTree = SDKROOT; };
		10358611225733F7009431BC /* SwiftyTesseract.framework */ = {isa = PBXFileReference; explicitFileType = wrapper.framework; path = SwiftyTesseract.framework; sourceTree = BUILT_PRODUCTS_DIR; };
		1052DD4221D482CF00D0C8C0 /* CompositionViewController.swift */ = {isa = PBXFileReference; lastKnownFileType = sourcecode.swift; path = CompositionViewController.swift; sourceTree = "<group>"; };
		1052DD4421D482E000D0C8C0 /* NutritionViewController.swift */ = {isa = PBXFileReference; lastKnownFileType = sourcecode.swift; path = NutritionViewController.swift; sourceTree = "<group>"; };
		1052DD4621D647B500D0C8C0 /* ListPageViewController.swift */ = {isa = PBXFileReference; lastKnownFileType = sourcecode.swift; path = ListPageViewController.swift; sourceTree = "<group>"; };
		10644A9322570C6D00291D63 /* ReceiptScannerViewController.swift */ = {isa = PBXFileReference; lastKnownFileType = sourcecode.swift; path = ReceiptScannerViewController.swift; sourceTree = "<group>"; };
		10673E3021D7C56B0064FD13 /* PageViewControllers.swift */ = {isa = PBXFileReference; lastKnownFileType = sourcecode.swift; path = PageViewControllers.swift; sourceTree = "<group>"; };
		10993FC82257284C00B6D079 /* TesseractOCR.framework */ = {isa = PBXFileReference; explicitFileType = wrapper.framework; path = TesseractOCR.framework; sourceTree = BUILT_PRODUCTS_DIR; };
		10993FCD22572BC400B6D079 /* TesseractOCR.framework */ = {isa = PBXFileReference; explicitFileType = wrapper.framework; path = TesseractOCR.framework; sourceTree = BUILT_PRODUCTS_DIR; };
		10993FCF22572BCB00B6D079 /* CoreImage.framework */ = {isa = PBXFileReference; lastKnownFileType = wrapper.framework; name = CoreImage.framework; path = System/Library/Frameworks/CoreImage.framework; sourceTree = SDKROOT; };
		10C6B3222257523600348E37 /* tessdata */ = {isa = PBXFileReference; lastKnownFileType = folder; path = tessdata; sourceTree = "<group>"; };
		10C6B3242257559100348E37 /* AppUtility.swift */ = {isa = PBXFileReference; lastKnownFileType = sourcecode.swift; path = AppUtility.swift; sourceTree = "<group>"; };
		10CEEB70225738B100C1820B /* SwiftyTesseract.framework */ = {isa = PBXFileReference; explicitFileType = wrapper.framework; path = SwiftyTesseract.framework; sourceTree = BUILT_PRODUCTS_DIR; };
		10F28FB421D1E6C40018BB9E /* Funnel.app */ = {isa = PBXFileReference; explicitFileType = wrapper.application; includeInIndex = 0; path = Funnel.app; sourceTree = BUILT_PRODUCTS_DIR; };
		10F28FB721D1E6C40018BB9E /* AppDelegate.swift */ = {isa = PBXFileReference; lastKnownFileType = sourcecode.swift; path = AppDelegate.swift; sourceTree = "<group>"; };
		10F28FBC21D1E6C40018BB9E /* Base */ = {isa = PBXFileReference; lastKnownFileType = file.storyboard; name = Base; path = Base.lproj/Main.storyboard; sourceTree = "<group>"; };
		10F28FBE21D1E6C40018BB9E /* Assets.xcassets */ = {isa = PBXFileReference; lastKnownFileType = folder.assetcatalog; path = Assets.xcassets; sourceTree = "<group>"; };
		10F28FC121D1E6C40018BB9E /* Base */ = {isa = PBXFileReference; lastKnownFileType = file.storyboard; name = Base; path = Base.lproj/LaunchScreen.storyboard; sourceTree = "<group>"; };
		10F28FC321D1E6C40018BB9E /* Info.plist */ = {isa = PBXFileReference; lastKnownFileType = text.plist.xml; path = Info.plist; sourceTree = "<group>"; };
		10F28FC821D1E6C50018BB9E /* FunnelTests.xctest */ = {isa = PBXFileReference; explicitFileType = wrapper.cfbundle; includeInIndex = 0; path = FunnelTests.xctest; sourceTree = BUILT_PRODUCTS_DIR; };
		10F28FCC21D1E6C50018BB9E /* FunnelTests.swift */ = {isa = PBXFileReference; lastKnownFileType = sourcecode.swift; path = FunnelTests.swift; sourceTree = "<group>"; };
		10F28FCE21D1E6C50018BB9E /* Info.plist */ = {isa = PBXFileReference; lastKnownFileType = text.plist.xml; path = Info.plist; sourceTree = "<group>"; };
		10F28FD321D1E6C50018BB9E /* FunnelUITests.xctest */ = {isa = PBXFileReference; explicitFileType = wrapper.cfbundle; includeInIndex = 0; path = FunnelUITests.xctest; sourceTree = BUILT_PRODUCTS_DIR; };
		10F28FD721D1E6C50018BB9E /* FunnelUITests.swift */ = {isa = PBXFileReference; lastKnownFileType = sourcecode.swift; path = FunnelUITests.swift; sourceTree = "<group>"; };
		10F28FD921D1E6C50018BB9E /* Info.plist */ = {isa = PBXFileReference; lastKnownFileType = text.plist.xml; path = Info.plist; sourceTree = "<group>"; };
		10F54007225744AE00AD1F6D /* libz.tbd */ = {isa = PBXFileReference; lastKnownFileType = "sourcecode.text-based-dylib-definition"; name = libz.tbd; path = usr/lib/libz.tbd; sourceTree = SDKROOT; };
		10F5A46121D479F700D127C2 /* Gradient.swift */ = {isa = PBXFileReference; lastKnownFileType = sourcecode.swift; path = Gradient.swift; sourceTree = "<group>"; };
		3FFC8913C80D2D8C429121B5 /* Pods-FunnelUITests.release.xcconfig */ = {isa = PBXFileReference; includeInIndex = 1; lastKnownFileType = text.xcconfig; name = "Pods-FunnelUITests.release.xcconfig"; path = "Pods/Target Support Files/Pods-FunnelUITests/Pods-FunnelUITests.release.xcconfig"; sourceTree = "<group>"; };
		589D44DB45524FCE3FE89E90 /* Pods-FunnelUITests.debug.xcconfig */ = {isa = PBXFileReference; includeInIndex = 1; lastKnownFileType = text.xcconfig; name = "Pods-FunnelUITests.debug.xcconfig"; path = "Pods/Target Support Files/Pods-FunnelUITests/Pods-FunnelUITests.debug.xcconfig"; sourceTree = "<group>"; };
		68FE6052D042E51E8FC2852E /* Pods_Funnel.framework */ = {isa = PBXFileReference; explicitFileType = wrapper.framework; includeInIndex = 0; path = Pods_Funnel.framework; sourceTree = BUILT_PRODUCTS_DIR; };
		6C467B13D5CBFF1C3F2F4098 /* Pods-Funnel.debug.xcconfig */ = {isa = PBXFileReference; includeInIndex = 1; lastKnownFileType = text.xcconfig; name = "Pods-Funnel.debug.xcconfig"; path = "Pods/Target Support Files/Pods-Funnel/Pods-Funnel.debug.xcconfig"; sourceTree = "<group>"; };
		994794599DDC9BA70BC8BCA4 /* Pods-FunnelTests.release.xcconfig */ = {isa = PBXFileReference; includeInIndex = 1; lastKnownFileType = text.xcconfig; name = "Pods-FunnelTests.release.xcconfig"; path = "Pods/Target Support Files/Pods-FunnelTests/Pods-FunnelTests.release.xcconfig"; sourceTree = "<group>"; };
		C6C315C2447D658CDEB205C3 /* Pods_FunnelTests.framework */ = {isa = PBXFileReference; explicitFileType = wrapper.framework; includeInIndex = 0; path = Pods_FunnelTests.framework; sourceTree = BUILT_PRODUCTS_DIR; };
		C9DB967638D22BAC4C979668 /* Pods-Funnel.release.xcconfig */ = {isa = PBXFileReference; includeInIndex = 1; lastKnownFileType = text.xcconfig; name = "Pods-Funnel.release.xcconfig"; path = "Pods/Target Support Files/Pods-Funnel/Pods-Funnel.release.xcconfig"; sourceTree = "<group>"; };
		DB62DE6F418C04CCE4B20F59 /* Pods_FunnelUITests.framework */ = {isa = PBXFileReference; explicitFileType = wrapper.framework; includeInIndex = 0; path = Pods_FunnelUITests.framework; sourceTree = BUILT_PRODUCTS_DIR; };
/* End PBXFileReference section */

/* Begin PBXFrameworksBuildPhase section */
		10F28FB121D1E6C40018BB9E /* Frameworks */ = {
			isa = PBXFrameworksBuildPhase;
			buildActionMask = 2147483647;
			files = (
				10C6B31F22574B8F00348E37 /* CoreImage.framework in Frameworks */,
				10F54008225744AE00AD1F6D /* libz.tbd in Frameworks */,
				10CEEB7422573F0C00C1820B /* libc++.tbd in Frameworks */,
				514D67F14007264C1F48955A /* Pods_Funnel.framework in Frameworks */,
			);
			runOnlyForDeploymentPostprocessing = 0;
		};
		10F28FC521D1E6C40018BB9E /* Frameworks */ = {
			isa = PBXFrameworksBuildPhase;
			buildActionMask = 2147483647;
			files = (
				E76E7F45B99F5C99C19C7E61 /* Pods_FunnelTests.framework in Frameworks */,
			);
			runOnlyForDeploymentPostprocessing = 0;
		};
		10F28FD021D1E6C50018BB9E /* Frameworks */ = {
			isa = PBXFrameworksBuildPhase;
			buildActionMask = 2147483647;
			files = (
				B65F9424E0AF32186DD68B20 /* Pods_FunnelUITests.framework in Frameworks */,
			);
			runOnlyForDeploymentPostprocessing = 0;
		};
/* End PBXFrameworksBuildPhase section */

/* Begin PBXGroup section */
		0BA4960A1F00494A4A921C24 /* Pods */ = {
			isa = PBXGroup;
			children = (
				6C467B13D5CBFF1C3F2F4098 /* Pods-Funnel.debug.xcconfig */,
				C9DB967638D22BAC4C979668 /* Pods-Funnel.release.xcconfig */,
				0B29FDAA5609C5E0BEF1AAB9 /* Pods-FunnelTests.debug.xcconfig */,
				994794599DDC9BA70BC8BCA4 /* Pods-FunnelTests.release.xcconfig */,
				589D44DB45524FCE3FE89E90 /* Pods-FunnelUITests.debug.xcconfig */,
				3FFC8913C80D2D8C429121B5 /* Pods-FunnelUITests.release.xcconfig */,
			);
			name = Pods;
			sourceTree = "<group>";
		};
		10673E3421D7CBD50064FD13 /* PageViews */ = {
			isa = PBXGroup;
			children = (
				10673E3021D7C56B0064FD13 /* PageViewControllers.swift */,
				1052DD4621D647B500D0C8C0 /* ListPageViewController.swift */,
				1026F5EB21D7B7330067772E /* SpendingViewController.swift */,
				1052DD4221D482CF00D0C8C0 /* CompositionViewController.swift */,
				1052DD4421D482E000D0C8C0 /* NutritionViewController.swift */,
			);
			path = PageViews;
			sourceTree = "<group>";
		};
		10C9FB1721D47C9A00B644E3 /* Views */ = {
			isa = PBXGroup;
			children = (
				10644A9322570C6D00291D63 /* ReceiptScannerViewController.swift */,
				1026F5EF21D7BB4F0067772E /* ListViewController.swift */,
				1026D63B21DE1AE0008C5BAC /* CookViewController.swift */,
				1026D63D21DE1AEF008C5BAC /* ShopViewController.swift */,
				10673E3421D7CBD50064FD13 /* PageViews */,
			);
			path = Views;
			sourceTree = "<group>";
		};
		10F28FAB21D1E6C40018BB9E = {
			isa = PBXGroup;
			children = (
				10F28FB621D1E6C40018BB9E /* Funnel */,
				10F28FCB21D1E6C50018BB9E /* FunnelTests */,
				10F28FD621D1E6C50018BB9E /* FunnelUITests */,
				10F28FB521D1E6C40018BB9E /* Products */,
				F444E4A22D46310DDFDD9E56 /* Frameworks */,
				0BA4960A1F00494A4A921C24 /* Pods */,
			);
			sourceTree = "<group>";
		};
		10F28FB521D1E6C40018BB9E /* Products */ = {
			isa = PBXGroup;
			children = (
				10F28FB421D1E6C40018BB9E /* Funnel.app */,
				10F28FC821D1E6C50018BB9E /* FunnelTests.xctest */,
				10F28FD321D1E6C50018BB9E /* FunnelUITests.xctest */,
			);
			name = Products;
			sourceTree = "<group>";
		};
		10F28FB621D1E6C40018BB9E /* Funnel */ = {
			isa = PBXGroup;
			children = (
				10C6B3222257523600348E37 /* tessdata */,
				10C9FB1721D47C9A00B644E3 /* Views */,
				10F5A45E21D479D600D127C2 /* Elements */,
				10F28FB721D1E6C40018BB9E /* AppDelegate.swift */,
				10C6B3242257559100348E37 /* AppUtility.swift */,
				10F28FBE21D1E6C40018BB9E /* Assets.xcassets */,
				10F28FBB21D1E6C40018BB9E /* Main.storyboard */,
				10F28FC021D1E6C40018BB9E /* LaunchScreen.storyboard */,
				10F28FC321D1E6C40018BB9E /* Info.plist */,
			);
			path = Funnel;
			sourceTree = "<group>";
		};
		10F28FCB21D1E6C50018BB9E /* FunnelTests */ = {
			isa = PBXGroup;
			children = (
				10F28FCC21D1E6C50018BB9E /* FunnelTests.swift */,
				10F28FCE21D1E6C50018BB9E /* Info.plist */,
			);
			path = FunnelTests;
			sourceTree = "<group>";
		};
		10F28FD621D1E6C50018BB9E /* FunnelUITests */ = {
			isa = PBXGroup;
			children = (
				10F28FD721D1E6C50018BB9E /* FunnelUITests.swift */,
				10F28FD921D1E6C50018BB9E /* Info.plist */,
			);
			path = FunnelUITests;
			sourceTree = "<group>";
		};
		10F5A45E21D479D600D127C2 /* Elements */ = {
			isa = PBXGroup;
			children = (
				1026D63921DE189B008C5BAC /* SearchButton.swift */,
				10F5A46121D479F700D127C2 /* Gradient.swift */,
			);
			path = Elements;
			sourceTree = "<group>";
		};
		F444E4A22D46310DDFDD9E56 /* Frameworks */ = {
			isa = PBXGroup;
			children = (
				10F54007225744AE00AD1F6D /* libz.tbd */,
				10CEEB70225738B100C1820B /* SwiftyTesseract.framework */,
				10358611225733F7009431BC /* SwiftyTesseract.framework */,
				1035860F225730A4009431BC /* libc++.tbd */,
				10993FCF22572BCB00B6D079 /* CoreImage.framework */,
				10993FCD22572BC400B6D079 /* TesseractOCR.framework */,
				10993FC82257284C00B6D079 /* TesseractOCR.framework */,
				68FE6052D042E51E8FC2852E /* Pods_Funnel.framework */,
				C6C315C2447D658CDEB205C3 /* Pods_FunnelTests.framework */,
				DB62DE6F418C04CCE4B20F59 /* Pods_FunnelUITests.framework */,
			);
			name = Frameworks;
			sourceTree = "<group>";
		};
/* End PBXGroup section */

/* Begin PBXNativeTarget section */
		10F28FB321D1E6C40018BB9E /* Funnel */ = {
			isa = PBXNativeTarget;
			buildConfigurationList = 10F28FDC21D1E6C50018BB9E /* Build configuration list for PBXNativeTarget "Funnel" */;
			buildPhases = (
				5617BF973629C0A762D4E935 /* [CP] Check Pods Manifest.lock */,
				10F28FB021D1E6C40018BB9E /* Sources */,
				10F28FB121D1E6C40018BB9E /* Frameworks */,
				10F28FB221D1E6C40018BB9E /* Resources */,
				66637846F790F58EF715A59C /* [CP] Embed Pods Frameworks */,
			);
			buildRules = (
			);
			dependencies = (
			);
			name = Funnel;
			productName = Funnel;
			productReference = 10F28FB421D1E6C40018BB9E /* Funnel.app */;
			productType = "com.apple.product-type.application";
		};
		10F28FC721D1E6C40018BB9E /* FunnelTests */ = {
			isa = PBXNativeTarget;
			buildConfigurationList = 10F28FDF21D1E6C50018BB9E /* Build configuration list for PBXNativeTarget "FunnelTests" */;
			buildPhases = (
				9DF388F25870A37DEA9E9C94 /* [CP] Check Pods Manifest.lock */,
				10F28FC421D1E6C40018BB9E /* Sources */,
				10F28FC521D1E6C40018BB9E /* Frameworks */,
				10F28FC621D1E6C40018BB9E /* Resources */,
			);
			buildRules = (
			);
			dependencies = (
				10F28FCA21D1E6C50018BB9E /* PBXTargetDependency */,
			);
			name = FunnelTests;
			productName = FunnelTests;
			productReference = 10F28FC821D1E6C50018BB9E /* FunnelTests.xctest */;
			productType = "com.apple.product-type.bundle.unit-test";
		};
		10F28FD221D1E6C50018BB9E /* FunnelUITests */ = {
			isa = PBXNativeTarget;
			buildConfigurationList = 10F28FE221D1E6C50018BB9E /* Build configuration list for PBXNativeTarget "FunnelUITests" */;
			buildPhases = (
				C6C823A097104A5C9A400A9E /* [CP] Check Pods Manifest.lock */,
				10F28FCF21D1E6C50018BB9E /* Sources */,
				10F28FD021D1E6C50018BB9E /* Frameworks */,
				10F28FD121D1E6C50018BB9E /* Resources */,
			);
			buildRules = (
			);
			dependencies = (
				10F28FD521D1E6C50018BB9E /* PBXTargetDependency */,
			);
			name = FunnelUITests;
			productName = FunnelUITests;
			productReference = 10F28FD321D1E6C50018BB9E /* FunnelUITests.xctest */;
			productType = "com.apple.product-type.bundle.ui-testing";
		};
/* End PBXNativeTarget section */

/* Begin PBXProject section */
		10F28FAC21D1E6C40018BB9E /* Project object */ = {
			isa = PBXProject;
			attributes = {
				LastSwiftUpdateCheck = 1010;
				LastUpgradeCheck = 1010;
				ORGANIZATIONNAME = Funnel;
				TargetAttributes = {
					10F28FB321D1E6C40018BB9E = {
						CreatedOnToolsVersion = 10.1;
						LastSwiftMigration = 1020;
					};
					10F28FC721D1E6C40018BB9E = {
						CreatedOnToolsVersion = 10.1;
						LastSwiftMigration = 1020;
						TestTargetID = 10F28FB321D1E6C40018BB9E;
					};
					10F28FD221D1E6C50018BB9E = {
						CreatedOnToolsVersion = 10.1;
						LastSwiftMigration = 1020;
						TestTargetID = 10F28FB321D1E6C40018BB9E;
					};
				};
			};
			buildConfigurationList = 10F28FAF21D1E6C40018BB9E /* Build configuration list for PBXProject "Funnel" */;
			compatibilityVersion = "Xcode 9.3";
			developmentRegion = en;
			hasScannedForEncodings = 0;
			knownRegions = (
				en,
				Base,
			);
			mainGroup = 10F28FAB21D1E6C40018BB9E;
			productRefGroup = 10F28FB521D1E6C40018BB9E /* Products */;
			projectDirPath = "";
			projectRoot = "";
			targets = (
				10F28FB321D1E6C40018BB9E /* Funnel */,
				10F28FC721D1E6C40018BB9E /* FunnelTests */,
				10F28FD221D1E6C50018BB9E /* FunnelUITests */,
			);
		};
/* End PBXProject section */

/* Begin PBXResourcesBuildPhase section */
		10F28FB221D1E6C40018BB9E /* Resources */ = {
			isa = PBXResourcesBuildPhase;
			buildActionMask = 2147483647;
			files = (
				10F28FC221D1E6C40018BB9E /* LaunchScreen.storyboard in Resources */,
				10C6B3232257523600348E37 /* tessdata in Resources */,
				10F28FBF21D1E6C40018BB9E /* Assets.xcassets in Resources */,
				10F28FBD21D1E6C40018BB9E /* Main.storyboard in Resources */,
			);
			runOnlyForDeploymentPostprocessing = 0;
		};
		10F28FC621D1E6C40018BB9E /* Resources */ = {
			isa = PBXResourcesBuildPhase;
			buildActionMask = 2147483647;
			files = (
			);
			runOnlyForDeploymentPostprocessing = 0;
		};
		10F28FD121D1E6C50018BB9E /* Resources */ = {
			isa = PBXResourcesBuildPhase;
			buildActionMask = 2147483647;
			files = (
			);
			runOnlyForDeploymentPostprocessing = 0;
		};
/* End PBXResourcesBuildPhase section */

/* Begin PBXShellScriptBuildPhase section */
		5617BF973629C0A762D4E935 /* [CP] Check Pods Manifest.lock */ = {
			isa = PBXShellScriptBuildPhase;
			buildActionMask = 2147483647;
			files = (
			);
			inputFileListPaths = (
			);
			inputPaths = (
				"${PODS_PODFILE_DIR_PATH}/Podfile.lock",
				"${PODS_ROOT}/Manifest.lock",
			);
			name = "[CP] Check Pods Manifest.lock";
			outputFileListPaths = (
			);
			outputPaths = (
				"$(DERIVED_FILE_DIR)/Pods-Funnel-checkManifestLockResult.txt",
			);
			runOnlyForDeploymentPostprocessing = 0;
			shellPath = /bin/sh;
			shellScript = "diff \"${PODS_PODFILE_DIR_PATH}/Podfile.lock\" \"${PODS_ROOT}/Manifest.lock\" > /dev/null\nif [ $? != 0 ] ; then\n    # print error to STDERR\n    echo \"error: The sandbox is not in sync with the Podfile.lock. Run 'pod install' or update your CocoaPods installation.\" >&2\n    exit 1\nfi\n# This output is used by Xcode 'outputs' to avoid re-running this script phase.\necho \"SUCCESS\" > \"${SCRIPT_OUTPUT_FILE_0}\"\n";
			showEnvVarsInLog = 0;
		};
		66637846F790F58EF715A59C /* [CP] Embed Pods Frameworks */ = {
			isa = PBXShellScriptBuildPhase;
			buildActionMask = 2147483647;
			files = (
			);
			inputFileListPaths = (
			);
			inputPaths = (
				"${SRCROOT}/Pods/Target Support Files/Pods-Funnel/Pods-Funnel-frameworks.sh",
				"${BUILT_PRODUCTS_DIR}/AWSAppSync/AWSAppSync.framework",
				"${BUILT_PRODUCTS_DIR}/AWSCore/AWSCore.framework",
				"${BUILT_PRODUCTS_DIR}/ReachabilitySwift/Reachability.framework",
				"${BUILT_PRODUCTS_DIR}/SQLite.swift/SQLite.framework",
				"${BUILT_PRODUCTS_DIR}/TesseractOCRiOS/TesseractOCR.framework",
			);
			name = "[CP] Embed Pods Frameworks";
			outputFileListPaths = (
			);
			outputPaths = (
				"${TARGET_BUILD_DIR}/${FRAMEWORKS_FOLDER_PATH}/AWSAppSync.framework",
				"${TARGET_BUILD_DIR}/${FRAMEWORKS_FOLDER_PATH}/AWSCore.framework",
				"${TARGET_BUILD_DIR}/${FRAMEWORKS_FOLDER_PATH}/Reachability.framework",
				"${TARGET_BUILD_DIR}/${FRAMEWORKS_FOLDER_PATH}/SQLite.framework",
				"${TARGET_BUILD_DIR}/${FRAMEWORKS_FOLDER_PATH}/TesseractOCR.framework",
			);
			runOnlyForDeploymentPostprocessing = 0;
			shellPath = /bin/sh;
			shellScript = "\"${SRCROOT}/Pods/Target Support Files/Pods-Funnel/Pods-Funnel-frameworks.sh\"\n";
			showEnvVarsInLog = 0;
		};
		9DF388F25870A37DEA9E9C94 /* [CP] Check Pods Manifest.lock */ = {
			isa = PBXShellScriptBuildPhase;
			buildActionMask = 2147483647;
			files = (
			);
			inputFileListPaths = (
			);
			inputPaths = (
				"${PODS_PODFILE_DIR_PATH}/Podfile.lock",
				"${PODS_ROOT}/Manifest.lock",
			);
			name = "[CP] Check Pods Manifest.lock";
			outputFileListPaths = (
			);
			outputPaths = (
				"$(DERIVED_FILE_DIR)/Pods-FunnelTests-checkManifestLockResult.txt",
			);
			runOnlyForDeploymentPostprocessing = 0;
			shellPath = /bin/sh;
			shellScript = "diff \"${PODS_PODFILE_DIR_PATH}/Podfile.lock\" \"${PODS_ROOT}/Manifest.lock\" > /dev/null\nif [ $? != 0 ] ; then\n    # print error to STDERR\n    echo \"error: The sandbox is not in sync with the Podfile.lock. Run 'pod install' or update your CocoaPods installation.\" >&2\n    exit 1\nfi\n# This output is used by Xcode 'outputs' to avoid re-running this script phase.\necho \"SUCCESS\" > \"${SCRIPT_OUTPUT_FILE_0}\"\n";
			showEnvVarsInLog = 0;
		};
		C6C823A097104A5C9A400A9E /* [CP] Check Pods Manifest.lock */ = {
			isa = PBXShellScriptBuildPhase;
			buildActionMask = 2147483647;
			files = (
			);
			inputFileListPaths = (
			);
			inputPaths = (
				"${PODS_PODFILE_DIR_PATH}/Podfile.lock",
				"${PODS_ROOT}/Manifest.lock",
			);
			name = "[CP] Check Pods Manifest.lock";
			outputFileListPaths = (
			);
			outputPaths = (
				"$(DERIVED_FILE_DIR)/Pods-FunnelUITests-checkManifestLockResult.txt",
			);
			runOnlyForDeploymentPostprocessing = 0;
			shellPath = /bin/sh;
			shellScript = "diff \"${PODS_PODFILE_DIR_PATH}/Podfile.lock\" \"${PODS_ROOT}/Manifest.lock\" > /dev/null\nif [ $? != 0 ] ; then\n    # print error to STDERR\n    echo \"error: The sandbox is not in sync with the Podfile.lock. Run 'pod install' or update your CocoaPods installation.\" >&2\n    exit 1\nfi\n# This output is used by Xcode 'outputs' to avoid re-running this script phase.\necho \"SUCCESS\" > \"${SCRIPT_OUTPUT_FILE_0}\"\n";
			showEnvVarsInLog = 0;
		};
/* End PBXShellScriptBuildPhase section */

/* Begin PBXSourcesBuildPhase section */
		10F28FB021D1E6C40018BB9E /* Sources */ = {
			isa = PBXSourcesBuildPhase;
			buildActionMask = 2147483647;
			files = (
				1026F5EC21D7B7330067772E /* SpendingViewController.swift in Sources */,
				10673E3121D7C56B0064FD13 /* PageViewControllers.swift in Sources */,
				10644A9422570C6D00291D63 /* ReceiptScannerViewController.swift in Sources */,
				1026D63E21DE1AEF008C5BAC /* ShopViewController.swift in Sources */,
				1052DD4521D482E000D0C8C0 /* NutritionViewController.swift in Sources */,
				10F28FB821D1E6C40018BB9E /* AppDelegate.swift in Sources */,
				1026F5F021D7BB4F0067772E /* ListViewController.swift in Sources */,
				1052DD4321D482CF00D0C8C0 /* CompositionViewController.swift in Sources */,
				1026D63C21DE1AE0008C5BAC /* CookViewController.swift in Sources */,
				10C6B3252257559100348E37 /* AppUtility.swift in Sources */,
				10F5A46221D479F700D127C2 /* Gradient.swift in Sources */,
				1052DD4721D647B500D0C8C0 /* ListPageViewController.swift in Sources */,
				1026D63A21DE189B008C5BAC /* SearchButton.swift in Sources */,
			);
			runOnlyForDeploymentPostprocessing = 0;
		};
		10F28FC421D1E6C40018BB9E /* Sources */ = {
			isa = PBXSourcesBuildPhase;
			buildActionMask = 2147483647;
			files = (
				10F28FCD21D1E6C50018BB9E /* FunnelTests.swift in Sources */,
			);
			runOnlyForDeploymentPostprocessing = 0;
		};
		10F28FCF21D1E6C50018BB9E /* Sources */ = {
			isa = PBXSourcesBuildPhase;
			buildActionMask = 2147483647;
			files = (
				10F28FD821D1E6C50018BB9E /* FunnelUITests.swift in Sources */,
			);
			runOnlyForDeploymentPostprocessing = 0;
		};
/* End PBXSourcesBuildPhase section */

/* Begin PBXTargetDependency section */
		10F28FCA21D1E6C50018BB9E /* PBXTargetDependency */ = {
			isa = PBXTargetDependency;
			target = 10F28FB321D1E6C40018BB9E /* Funnel */;
			targetProxy = 10F28FC921D1E6C50018BB9E /* PBXContainerItemProxy */;
		};
		10F28FD521D1E6C50018BB9E /* PBXTargetDependency */ = {
			isa = PBXTargetDependency;
			target = 10F28FB321D1E6C40018BB9E /* Funnel */;
			targetProxy = 10F28FD421D1E6C50018BB9E /* PBXContainerItemProxy */;
		};
/* End PBXTargetDependency section */

/* Begin PBXVariantGroup section */
		10F28FBB21D1E6C40018BB9E /* Main.storyboard */ = {
			isa = PBXVariantGroup;
			children = (
				10F28FBC21D1E6C40018BB9E /* Base */,
			);
			name = Main.storyboard;
			sourceTree = "<group>";
		};
		10F28FC021D1E6C40018BB9E /* LaunchScreen.storyboard */ = {
			isa = PBXVariantGroup;
			children = (
				10F28FC121D1E6C40018BB9E /* Base */,
			);
			name = LaunchScreen.storyboard;
			sourceTree = "<group>";
		};
/* End PBXVariantGroup section */

/* Begin XCBuildConfiguration section */
		10F28FDA21D1E6C50018BB9E /* Debug */ = {
			isa = XCBuildConfiguration;
			buildSettings = {
				ALWAYS_SEARCH_USER_PATHS = NO;
				CLANG_ANALYZER_NONNULL = YES;
				CLANG_ANALYZER_NUMBER_OBJECT_CONVERSION = YES_AGGRESSIVE;
				CLANG_CXX_LANGUAGE_STANDARD = "gnu++14";
				CLANG_CXX_LIBRARY = "libc++";
				CLANG_ENABLE_MODULES = YES;
				CLANG_ENABLE_OBJC_ARC = YES;
				CLANG_ENABLE_OBJC_WEAK = YES;
				CLANG_WARN_BLOCK_CAPTURE_AUTORELEASING = YES;
				CLANG_WARN_BOOL_CONVERSION = YES;
				CLANG_WARN_COMMA = YES;
				CLANG_WARN_CONSTANT_CONVERSION = YES;
				CLANG_WARN_DEPRECATED_OBJC_IMPLEMENTATIONS = YES;
				CLANG_WARN_DIRECT_OBJC_ISA_USAGE = YES_ERROR;
				CLANG_WARN_DOCUMENTATION_COMMENTS = YES;
				CLANG_WARN_EMPTY_BODY = YES;
				CLANG_WARN_ENUM_CONVERSION = YES;
				CLANG_WARN_INFINITE_RECURSION = YES;
				CLANG_WARN_INT_CONVERSION = YES;
				CLANG_WARN_NON_LITERAL_NULL_CONVERSION = YES;
				CLANG_WARN_OBJC_IMPLICIT_RETAIN_SELF = YES;
				CLANG_WARN_OBJC_LITERAL_CONVERSION = YES;
				CLANG_WARN_OBJC_ROOT_CLASS = YES_ERROR;
				CLANG_WARN_RANGE_LOOP_ANALYSIS = YES;
				CLANG_WARN_STRICT_PROTOTYPES = YES;
				CLANG_WARN_SUSPICIOUS_MOVE = YES;
				CLANG_WARN_UNGUARDED_AVAILABILITY = YES_AGGRESSIVE;
				CLANG_WARN_UNREACHABLE_CODE = YES;
				CLANG_WARN__DUPLICATE_METHOD_MATCH = YES;
				CODE_SIGN_IDENTITY = "iPhone Developer";
				COPY_PHASE_STRIP = NO;
				DEBUG_INFORMATION_FORMAT = dwarf;
				ENABLE_STRICT_OBJC_MSGSEND = YES;
				ENABLE_TESTABILITY = YES;
				GCC_C_LANGUAGE_STANDARD = gnu11;
				GCC_DYNAMIC_NO_PIC = NO;
				GCC_NO_COMMON_BLOCKS = YES;
				GCC_OPTIMIZATION_LEVEL = 0;
				GCC_PREPROCESSOR_DEFINITIONS = (
					"DEBUG=1",
					"$(inherited)",
				);
				GCC_WARN_64_TO_32_BIT_CONVERSION = YES;
				GCC_WARN_ABOUT_RETURN_TYPE = YES_ERROR;
				GCC_WARN_UNDECLARED_SELECTOR = YES;
				GCC_WARN_UNINITIALIZED_AUTOS = YES_AGGRESSIVE;
				GCC_WARN_UNUSED_FUNCTION = YES;
				GCC_WARN_UNUSED_VARIABLE = YES;
				IPHONEOS_DEPLOYMENT_TARGET = 12.1;
				MTL_ENABLE_DEBUG_INFO = INCLUDE_SOURCE;
				MTL_FAST_MATH = YES;
				ONLY_ACTIVE_ARCH = YES;
				SDKROOT = iphoneos;
				SWIFT_ACTIVE_COMPILATION_CONDITIONS = DEBUG;
				SWIFT_OPTIMIZATION_LEVEL = "-Onone";
			};
			name = Debug;
		};
		10F28FDB21D1E6C50018BB9E /* Release */ = {
			isa = XCBuildConfiguration;
			buildSettings = {
				ALWAYS_SEARCH_USER_PATHS = NO;
				CLANG_ANALYZER_NONNULL = YES;
				CLANG_ANALYZER_NUMBER_OBJECT_CONVERSION = YES_AGGRESSIVE;
				CLANG_CXX_LANGUAGE_STANDARD = "gnu++14";
				CLANG_CXX_LIBRARY = "libc++";
				CLANG_ENABLE_MODULES = YES;
				CLANG_ENABLE_OBJC_ARC = YES;
				CLANG_ENABLE_OBJC_WEAK = YES;
				CLANG_WARN_BLOCK_CAPTURE_AUTORELEASING = YES;
				CLANG_WARN_BOOL_CONVERSION = YES;
				CLANG_WARN_COMMA = YES;
				CLANG_WARN_CONSTANT_CONVERSION = YES;
				CLANG_WARN_DEPRECATED_OBJC_IMPLEMENTATIONS = YES;
				CLANG_WARN_DIRECT_OBJC_ISA_USAGE = YES_ERROR;
				CLANG_WARN_DOCUMENTATION_COMMENTS = YES;
				CLANG_WARN_EMPTY_BODY = YES;
				CLANG_WARN_ENUM_CONVERSION = YES;
				CLANG_WARN_INFINITE_RECURSION = YES;
				CLANG_WARN_INT_CONVERSION = YES;
				CLANG_WARN_NON_LITERAL_NULL_CONVERSION = YES;
				CLANG_WARN_OBJC_IMPLICIT_RETAIN_SELF = YES;
				CLANG_WARN_OBJC_LITERAL_CONVERSION = YES;
				CLANG_WARN_OBJC_ROOT_CLASS = YES_ERROR;
				CLANG_WARN_RANGE_LOOP_ANALYSIS = YES;
				CLANG_WARN_STRICT_PROTOTYPES = YES;
				CLANG_WARN_SUSPICIOUS_MOVE = YES;
				CLANG_WARN_UNGUARDED_AVAILABILITY = YES_AGGRESSIVE;
				CLANG_WARN_UNREACHABLE_CODE = YES;
				CLANG_WARN__DUPLICATE_METHOD_MATCH = YES;
				CODE_SIGN_IDENTITY = "iPhone Developer";
				COPY_PHASE_STRIP = NO;
				DEBUG_INFORMATION_FORMAT = "dwarf-with-dsym";
				ENABLE_NS_ASSERTIONS = NO;
				ENABLE_STRICT_OBJC_MSGSEND = YES;
				GCC_C_LANGUAGE_STANDARD = gnu11;
				GCC_NO_COMMON_BLOCKS = YES;
				GCC_WARN_64_TO_32_BIT_CONVERSION = YES;
				GCC_WARN_ABOUT_RETURN_TYPE = YES_ERROR;
				GCC_WARN_UNDECLARED_SELECTOR = YES;
				GCC_WARN_UNINITIALIZED_AUTOS = YES_AGGRESSIVE;
				GCC_WARN_UNUSED_FUNCTION = YES;
				GCC_WARN_UNUSED_VARIABLE = YES;
				IPHONEOS_DEPLOYMENT_TARGET = 12.1;
				MTL_ENABLE_DEBUG_INFO = NO;
				MTL_FAST_MATH = YES;
				SDKROOT = iphoneos;
				SWIFT_COMPILATION_MODE = wholemodule;
				SWIFT_OPTIMIZATION_LEVEL = "-O";
				VALIDATE_PRODUCT = YES;
			};
			name = Release;
		};
		10F28FDD21D1E6C50018BB9E /* Debug */ = {
			isa = XCBuildConfiguration;
			baseConfigurationReference = 6C467B13D5CBFF1C3F2F4098 /* Pods-Funnel.debug.xcconfig */;
			buildSettings = {
				ASSETCATALOG_COMPILER_APPICON_NAME = AppIcon;
				CODE_SIGN_STYLE = Automatic;
				DEVELOPMENT_TEAM = 59Q72N4CQT;
				ENABLE_BITCODE = NO;
				INFOPLIST_FILE = Funnel/Info.plist;
				IPHONEOS_DEPLOYMENT_TARGET = 11.0;
				LD_RUNPATH_SEARCH_PATHS = (
					"$(inherited)",
					"@executable_path/Frameworks",
				);
				PRODUCT_BUNDLE_IDENTIFIER = com.funnel.funnel;
				PRODUCT_NAME = "$(TARGET_NAME)";
				SWIFT_VERSION = 5.0;
				TARGETED_DEVICE_FAMILY = "1,2";
			};
			name = Debug;
		};
		10F28FDE21D1E6C50018BB9E /* Release */ = {
			isa = XCBuildConfiguration;
			baseConfigurationReference = C9DB967638D22BAC4C979668 /* Pods-Funnel.release.xcconfig */;
			buildSettings = {
				ASSETCATALOG_COMPILER_APPICON_NAME = AppIcon;
				CODE_SIGN_STYLE = Automatic;
				DEVELOPMENT_TEAM = 59Q72N4CQT;
				ENABLE_BITCODE = NO;
				INFOPLIST_FILE = Funnel/Info.plist;
				IPHONEOS_DEPLOYMENT_TARGET = 11.0;
				LD_RUNPATH_SEARCH_PATHS = (
					"$(inherited)",
					"@executable_path/Frameworks",
				);
				PRODUCT_BUNDLE_IDENTIFIER = com.funnel.funnel;
				PRODUCT_NAME = "$(TARGET_NAME)";
				SWIFT_VERSION = 5.0;
				TARGETED_DEVICE_FAMILY = "1,2";
			};
			name = Release;
		};
		10F28FE021D1E6C50018BB9E /* Debug */ = {
			isa = XCBuildConfiguration;
			baseConfigurationReference = 0B29FDAA5609C5E0BEF1AAB9 /* Pods-FunnelTests.debug.xcconfig */;
			buildSettings = {
				ALWAYS_EMBED_SWIFT_STANDARD_LIBRARIES = YES;
				BUNDLE_LOADER = "$(TEST_HOST)";
				CODE_SIGN_STYLE = Automatic;
				DEVELOPMENT_TEAM = 59Q72N4CQT;
				INFOPLIST_FILE = FunnelTests/Info.plist;
				LD_RUNPATH_SEARCH_PATHS = (
					"$(inherited)",
					"@executable_path/Frameworks",
					"@loader_path/Frameworks",
				);
				PRODUCT_BUNDLE_IDENTIFIER = Funnel.FunnelTests;
				PRODUCT_NAME = "$(TARGET_NAME)";
				SWIFT_VERSION = 5.0;
				TARGETED_DEVICE_FAMILY = "1,2";
				TEST_HOST = "$(BUILT_PRODUCTS_DIR)/Funnel.app/Funnel";
			};
			name = Debug;
		};
		10F28FE121D1E6C50018BB9E /* Release */ = {
			isa = XCBuildConfiguration;
			baseConfigurationReference = 994794599DDC9BA70BC8BCA4 /* Pods-FunnelTests.release.xcconfig */;
			buildSettings = {
				ALWAYS_EMBED_SWIFT_STANDARD_LIBRARIES = YES;
				BUNDLE_LOADER = "$(TEST_HOST)";
				CODE_SIGN_STYLE = Automatic;
				DEVELOPMENT_TEAM = 59Q72N4CQT;
				INFOPLIST_FILE = FunnelTests/Info.plist;
				LD_RUNPATH_SEARCH_PATHS = (
					"$(inherited)",
					"@executable_path/Frameworks",
					"@loader_path/Frameworks",
				);
				PRODUCT_BUNDLE_IDENTIFIER = Funnel.FunnelTests;
				PRODUCT_NAME = "$(TARGET_NAME)";
				SWIFT_VERSION = 5.0;
				TARGETED_DEVICE_FAMILY = "1,2";
				TEST_HOST = "$(BUILT_PRODUCTS_DIR)/Funnel.app/Funnel";
			};
			name = Release;
		};
		10F28FE321D1E6C50018BB9E /* Debug */ = {
			isa = XCBuildConfiguration;
			baseConfigurationReference = 589D44DB45524FCE3FE89E90 /* Pods-FunnelUITests.debug.xcconfig */;
			buildSettings = {
				ALWAYS_EMBED_SWIFT_STANDARD_LIBRARIES = YES;
				CODE_SIGN_STYLE = Automatic;
				DEVELOPMENT_TEAM = 59Q72N4CQT;
				INFOPLIST_FILE = FunnelUITests/Info.plist;
				LD_RUNPATH_SEARCH_PATHS = (
					"$(inherited)",
					"@executable_path/Frameworks",
					"@loader_path/Frameworks",
				);
				PRODUCT_BUNDLE_IDENTIFIER = Funnel.FunnelUITests;
				PRODUCT_NAME = "$(TARGET_NAME)";
				SWIFT_VERSION = 5.0;
				TARGETED_DEVICE_FAMILY = "1,2";
				TEST_TARGET_NAME = Funnel;
			};
			name = Debug;
		};
		10F28FE421D1E6C50018BB9E /* Release */ = {
			isa = XCBuildConfiguration;
			baseConfigurationReference = 3FFC8913C80D2D8C429121B5 /* Pods-FunnelUITests.release.xcconfig */;
			buildSettings = {
				ALWAYS_EMBED_SWIFT_STANDARD_LIBRARIES = YES;
				CODE_SIGN_STYLE = Automatic;
				DEVELOPMENT_TEAM = 59Q72N4CQT;
				INFOPLIST_FILE = FunnelUITests/Info.plist;
				LD_RUNPATH_SEARCH_PATHS = (
					"$(inherited)",
					"@executable_path/Frameworks",
					"@loader_path/Frameworks",
				);
				PRODUCT_BUNDLE_IDENTIFIER = Funnel.FunnelUITests;
				PRODUCT_NAME = "$(TARGET_NAME)";
				SWIFT_VERSION = 5.0;
				TARGETED_DEVICE_FAMILY = "1,2";
				TEST_TARGET_NAME = Funnel;
			};
			name = Release;
		};
/* End XCBuildConfiguration section */

/* Begin XCConfigurationList section */
		10F28FAF21D1E6C40018BB9E /* Build configuration list for PBXProject "Funnel" */ = {
			isa = XCConfigurationList;
			buildConfigurations = (
				10F28FDA21D1E6C50018BB9E /* Debug */,
				10F28FDB21D1E6C50018BB9E /* Release */,
			);
			defaultConfigurationIsVisible = 0;
			defaultConfigurationName = Release;
		};
		10F28FDC21D1E6C50018BB9E /* Build configuration list for PBXNativeTarget "Funnel" */ = {
			isa = XCConfigurationList;
			buildConfigurations = (
				10F28FDD21D1E6C50018BB9E /* Debug */,
				10F28FDE21D1E6C50018BB9E /* Release */,
			);
			defaultConfigurationIsVisible = 0;
			defaultConfigurationName = Release;
		};
		10F28FDF21D1E6C50018BB9E /* Build configuration list for PBXNativeTarget "FunnelTests" */ = {
			isa = XCConfigurationList;
			buildConfigurations = (
				10F28FE021D1E6C50018BB9E /* Debug */,
				10F28FE121D1E6C50018BB9E /* Release */,
			);
			defaultConfigurationIsVisible = 0;
			defaultConfigurationName = Release;
		};
		10F28FE221D1E6C50018BB9E /* Build configuration list for PBXNativeTarget "FunnelUITests" */ = {
			isa = XCConfigurationList;
			buildConfigurations = (
				10F28FE321D1E6C50018BB9E /* Debug */,
				10F28FE421D1E6C50018BB9E /* Release */,
			);
			defaultConfigurationIsVisible = 0;
			defaultConfigurationName = Release;
		};
/* End XCConfigurationList section */
	};
	rootObject = 10F28FAC21D1E6C40018BB9E /* Project object */;
}
